
Microsoft Visual Studio Solution File, Format Version 12.00
# Visual Studio Version 17
VisualStudioVersion = 17.6.33723.286
MinimumVisualStudioVersion = 10.0.40219.1
Project("{FAE04EC0-301F-11D3-BF4B-00C04F79EFBC}") = "Cegefos.API", "Cegefos\Cegefos.API.csproj", "{CC99C00B-A76A-41E6-BC0A-D4CDBE896769}"
EndProject
Global
	GlobalSection(SolutionConfigurationPlatforms) = preSolution
		Debug|Any CPU = Debug|Any CPU
		Release|Any CPU = Release|Any CPU
	EndGlobalSection
	GlobalSection(ProjectConfigurationPlatforms) = postSolution
		{CC99C00B-A76A-41E6-BC0A-D4CDBE896769}.Debug|Any CPU.ActiveCfg = Debug|Any CPU
		{CC99C00B-A76A-41E6-BC0A-D4CDBE896769}.Debug|Any CPU.Build.0 = Debug|Any CPU
		{CC99C00B-A76A-41E6-BC0A-D4CDBE896769}.Release|Any CPU.ActiveCfg = Release|Any CPU
		{CC99C00B-A76A-41E6-BC0A-D4CDBE896769}.Release|Any CPU.Build.0 = Release|Any CPU
	EndGlobalSection
	GlobalSection(SolutionProperties) = preSolution
		HideSolutionNode = FALSE
	EndGlobalSection
	GlobalSection(ExtensibilityGlobals) = postSolution
		SolutionGuid = {63A8D66F-E868-445D-8DA3-E5A0C3D5173C}
	EndGlobalSection
EndGlobal
